
Microsoft Visual Studio Solution File, Format Version 12.00
# Visual Studio Version 17
VisualStudioVersion = 17.8.34525.116
MinimumVisualStudioVersion = 10.0.40219.1
Project("{9A19103F-16F7-4668-BE54-9A1E7A4F7556}") = "ArmWrestling", "ArmWrestling.csproj", "{36CF3704-CB9B-4AF6-9C6A-2A10B2A62F06}"
EndProject
Project("{9A19103F-16F7-4668-BE54-9A1E7A4F7556}") = "ArmWrestling.Bootstrapper", "..\ArmWrestling.Bootstrapper\ArmWrestling.Bootstrapper.csproj", "{6415567A-98FE-4082-84E2-45F7D3B7D504}"
EndProject
Project("{9A19103F-16F7-4668-BE54-9A1E7A4F7556}") = "ArmWrestling.Infrastructure", "..\ArmWrestling.Infrastructure\ArmWrestling.Infrastructure.csproj", "{42990D17-C8F0-4E71-A05E-A3E972F3C5DF}"
EndProject
Project("{9A19103F-16F7-4668-BE54-9A1E7A4F7556}") = "ArmWrestling.Domain", "..\ArmWrestling.Domain\ArmWrestling.Domain.csproj", "{B84C5FE2-80E5-4959-A5A1-4E07FC07A27A}"
EndProject
Project("{9A19103F-16F7-4668-BE54-9A1E7A4F7556}") = "ArmWrestling.ViewModel", "..\ArmWrestling.ViewModel\ArmWrestling.ViewModel.csproj", "{6A3C97CA-3F42-49D1-BD67-90592636590C}"
EndProject
Project("{FAE04EC0-301F-11D3-BF4B-00C04F79EFBC}") = "ArmWrestling.View", "..\ArmWrestling.View\ArmWrestling.View.csproj", "{1DB0C304-F168-44CF-9B8C-FF4696BD2B33}"
EndProject
Global
	GlobalSection(SolutionConfigurationPlatforms) = preSolution
		Debug|Any CPU = Debug|Any CPU
		Release|Any CPU = Release|Any CPU
	EndGlobalSection
	GlobalSection(ProjectConfigurationPlatforms) = postSolution
		{36CF3704-CB9B-4AF6-9C6A-2A10B2A62F06}.Debug|Any CPU.ActiveCfg = Debug|Any CPU
		{36CF3704-CB9B-4AF6-9C6A-2A10B2A62F06}.Debug|Any CPU.Build.0 = Debug|Any CPU
		{36CF3704-CB9B-4AF6-9C6A-2A10B2A62F06}.Release|Any CPU.ActiveCfg = Release|Any CPU
		{36CF3704-CB9B-4AF6-9C6A-2A10B2A62F06}.Release|Any CPU.Build.0 = Release|Any CPU
		{6415567A-98FE-4082-84E2-45F7D3B7D504}.Debug|Any CPU.ActiveCfg = Debug|Any CPU
		{6415567A-98FE-4082-84E2-45F7D3B7D504}.Debug|Any CPU.Build.0 = Debug|Any CPU
		{6415567A-98FE-4082-84E2-45F7D3B7D504}.Release|Any CPU.ActiveCfg = Release|Any CPU
		{6415567A-98FE-4082-84E2-45F7D3B7D504}.Release|Any CPU.Build.0 = Release|Any CPU
		{42990D17-C8F0-4E71-A05E-A3E972F3C5DF}.Debug|Any CPU.ActiveCfg = Debug|Any CPU
		{42990D17-C8F0-4E71-A05E-A3E972F3C5DF}.Debug|Any CPU.Build.0 = Debug|Any CPU
		{42990D17-C8F0-4E71-A05E-A3E972F3C5DF}.Release|Any CPU.ActiveCfg = Release|Any CPU
		{42990D17-C8F0-4E71-A05E-A3E972F3C5DF}.Release|Any CPU.Build.0 = Release|Any CPU
		{B84C5FE2-80E5-4959-A5A1-4E07FC07A27A}.Debug|Any CPU.ActiveCfg = Debug|Any CPU
		{B84C5FE2-80E5-4959-A5A1-4E07FC07A27A}.Debug|Any CPU.Build.0 = Debug|Any CPU
		{B84C5FE2-80E5-4959-A5A1-4E07FC07A27A}.Release|Any CPU.ActiveCfg = Release|Any CPU
		{B84C5FE2-80E5-4959-A5A1-4E07FC07A27A}.Release|Any CPU.Build.0 = Release|Any CPU
		{6A3C97CA-3F42-49D1-BD67-90592636590C}.Debug|Any CPU.ActiveCfg = Debug|Any CPU
		{6A3C97CA-3F42-49D1-BD67-90592636590C}.Debug|Any CPU.Build.0 = Debug|Any CPU
		{6A3C97CA-3F42-49D1-BD67-90592636590C}.Release|Any CPU.ActiveCfg = Release|Any CPU
		{6A3C97CA-3F42-49D1-BD67-90592636590C}.Release|Any CPU.Build.0 = Release|Any CPU
		{1DB0C304-F168-44CF-9B8C-FF4696BD2B33}.Debug|Any CPU.ActiveCfg = Debug|Any CPU
		{1DB0C304-F168-44CF-9B8C-FF4696BD2B33}.Debug|Any CPU.Build.0 = Debug|Any CPU
		{1DB0C304-F168-44CF-9B8C-FF4696BD2B33}.Release|Any CPU.ActiveCfg = Release|Any CPU
		{1DB0C304-F168-44CF-9B8C-FF4696BD2B33}.Release|Any CPU.Build.0 = Release|Any CPU
	EndGlobalSection
	GlobalSection(SolutionProperties) = preSolution
		HideSolutionNode = FALSE
	EndGlobalSection
	GlobalSection(ExtensibilityGlobals) = postSolution
		SolutionGuid = {E4229FB3-0DF8-495A-9EC2-D20867A6A7C5}
	EndGlobalSection
EndGlobal
